
Microsoft Visual Studio Solution File, Format Version 12.00
# Visual Studio Version 17
VisualStudioVersion = 17.14.36119.2 d17.14
MinimumVisualStudioVersion = 10.0.40219.1
Project("{FAE04EC0-301F-11D3-BF4B-00C04F79EFBC}") = "PizzaStore", "PizzaStore\PizzaStore.csproj", "{D737FC55-5D24-43B7-84C5-4136DB78911A}"
EndProject
Global
	GlobalSection(SolutionConfigurationPlatforms) = preSolution
		Debug|Any CPU = Debug|Any CPU
		Release|Any CPU = Release|Any CPU
	EndGlobalSection
	GlobalSection(ProjectConfigurationPlatforms) = postSolution
		{D737FC55-5D24-43B7-84C5-4136DB78911A}.Debug|Any CPU.ActiveCfg = Debug|Any CPU
		{D737FC55-5D24-43B7-84C5-4136DB78911A}.Debug|Any CPU.Build.0 = Debug|Any CPU
		{D737FC55-5D24-43B7-84C5-4136DB78911A}.Release|Any CPU.ActiveCfg = Release|Any CPU
		{D737FC55-5D24-43B7-84C5-4136DB78911A}.Release|Any CPU.Build.0 = Release|Any CPU
	EndGlobalSection
	GlobalSection(SolutionProperties) = preSolution
		HideSolutionNode = FALSE
	EndGlobalSection
	GlobalSection(ExtensibilityGlobals) = postSolution
		SolutionGuid = {8DA10927-7C91-44F8-A037-CCFB03F66CE0}
	EndGlobalSection
EndGlobal
